
Microsoft Visual Studio Solution File, Format Version 12.00
# Visual Studio Version 17
VisualStudioVersion = 17.5.002.0
MinimumVisualStudioVersion = 10.0.40219.1
Project("{9A19103F-16F7-4668-BE54-9A1E7A4F7556}") = "Exo.WebApi", "Exo.WebApi.csproj", "{45FDE6FD-74B1-461F-A1DB-088DAECC5F4D}"
EndProject
Global
	GlobalSection(SolutionConfigurationPlatforms) = preSolution
		Debug|Any CPU = Debug|Any CPU
		Release|Any CPU = Release|Any CPU
	EndGlobalSection
	GlobalSection(ProjectConfigurationPlatforms) = postSolution
		{45FDE6FD-74B1-461F-A1DB-088DAECC5F4D}.Debug|Any CPU.ActiveCfg = Debug|Any CPU
		{45FDE6FD-74B1-461F-A1DB-088DAECC5F4D}.Debug|Any CPU.Build.0 = Debug|Any CPU
		{45FDE6FD-74B1-461F-A1DB-088DAECC5F4D}.Release|Any CPU.ActiveCfg = Release|Any CPU
		{45FDE6FD-74B1-461F-A1DB-088DAECC5F4D}.Release|Any CPU.Build.0 = Release|Any CPU
	EndGlobalSection
	GlobalSection(SolutionProperties) = preSolution
		HideSolutionNode = FALSE
	EndGlobalSection
	GlobalSection(ExtensibilityGlobals) = postSolution
		SolutionGuid = {1C0B0100-63FD-4BC7-BAEF-00E347F57EBF}
	EndGlobalSection
EndGlobal
